Microsoft Visual Studio Solution File, Format Version 12.00
# Visual Studio Version 18
VisualStudioVersion = 18.4.11605.240 stable
MinimumVisualStudioVersion = 10.0.40219.1
Project("{FAE04EC0-301F-11D3-BF4B-00C04F79EFBC}") = "DFWGeeksAndNerds", "DFWGeeksAndNerds\DFWGeeksAndNerds.csproj", "{3E99A3BB-3AB2-7BBF-BD27-0951C446B139}"
EndProject
Project("{FAE04EC0-301F-11D3-BF4B-00C04F79EFBC}") = "DFWGeeksAndNerds.Api", "DFWGeeksAndNerds.Api\DFWGeeksAndNerds.Api.csproj", "{ED45B343-BA3B-45CE-AC65-C416AA51FBB4}"
EndProject
Global
	GlobalSection(SolutionConfigurationPlatforms) = preSolution
		Debug|Any CPU = Debug|Any CPU
		Release|Any CPU = Release|Any CPU
	EndGlobalSection
	GlobalSection(ProjectConfigurationPlatforms) = postSolution
		{3E99A3BB-3AB2-7BBF-BD27-0951C446B139}.Debug|Any CPU.ActiveCfg = Debug|Any CPU
		{3E99A3BB-3AB2-7BBF-BD27-0951C446B139}.Debug|Any CPU.Build.0 = Debug|Any CPU
		{3E99A3BB-3AB2-7BBF-BD27-0951C446B139}.Release|Any CPU.ActiveCfg = Release|Any CPU
		{3E99A3BB-3AB2-7BBF-BD27-0951C446B139}.Release|Any CPU.Build.0 = Release|Any CPU
		{ED45B343-BA3B-45CE-AC65-C416AA51FBB4}.Debug|Any CPU.ActiveCfg = Debug|Any CPU
		{ED45B343-BA3B-45CE-AC65-C416AA51FBB4}.Debug|Any CPU.Build.0 = Debug|Any CPU
		{ED45B343-BA3B-45CE-AC65-C416AA51FBB4}.Release|Any CPU.ActiveCfg = Release|Any CPU
		{ED45B343-BA3B-45CE-AC65-C416AA51FBB4}.Release|Any CPU.Build.0 = Release|Any CPU
	EndGlobalSection
	GlobalSection(SolutionProperties) = preSolution
		HideSolutionNode = FALSE
	EndGlobalSection
	GlobalSection(ExtensibilityGlobals) = postSolution
		SolutionGuid = {8F2AB27E-01BE-4EAB-AE2B-159D1452F848}
	EndGlobalSection
EndGlobal
