
Microsoft Visual Studio Solution File, Format Version 12.00
# Visual Studio Version 17
VisualStudioVersion = 17.0.31903.59
MinimumVisualStudioVersion = 10.0.40219.1
Project("{FAE04EC0-301F-11D3-BF4B-00C04F79EFBC}") = "ContactManager", "ContactManager\ContactManager.csproj", "{CEAA041D-79E9-4DAF-B78D-E41245E80333}"
EndProject
Project("{FAE04EC0-301F-11D3-BF4B-00C04F79EFBC}") = "ContactManager.Tests", "ContactManager.Tests\ContactManager.Tests.csproj", "{76EE9038-D2A5-4AD4-BFF0-7388D3D4C141}"
EndProject
Global
	GlobalSection(SolutionConfigurationPlatforms) = preSolution
		Debug|Any CPU = Debug|Any CPU
		Release|Any CPU = Release|Any CPU
	EndGlobalSection
	GlobalSection(SolutionProperties) = preSolution
		HideSolutionNode = FALSE
	EndGlobalSection
	GlobalSection(ProjectConfigurationPlatforms) = postSolution
		{CEAA041D-79E9-4DAF-B78D-E41245E80333}.Debug|Any CPU.ActiveCfg = Debug|Any CPU
		{CEAA041D-79E9-4DAF-B78D-E41245E80333}.Debug|Any CPU.Build.0 = Debug|Any CPU
		{CEAA041D-79E9-4DAF-B78D-E41245E80333}.Release|Any CPU.ActiveCfg = Release|Any CPU
		{CEAA041D-79E9-4DAF-B78D-E41245E80333}.Release|Any CPU.Build.0 = Release|Any CPU
		{76EE9038-D2A5-4AD4-BFF0-7388D3D4C141}.Debug|Any CPU.ActiveCfg = Debug|Any CPU
		{76EE9038-D2A5-4AD4-BFF0-7388D3D4C141}.Debug|Any CPU.Build.0 = Debug|Any CPU
		{76EE9038-D2A5-4AD4-BFF0-7388D3D4C141}.Release|Any CPU.ActiveCfg = Release|Any CPU
		{76EE9038-D2A5-4AD4-BFF0-7388D3D4C141}.Release|Any CPU.Build.0 = Release|Any CPU
	EndGlobalSection
EndGlobal
